
Microsoft Visual Studio Solution File, Format Version 12.00
# Visual Studio Version 16
VisualStudioVersion = 16.0.30621.155
MinimumVisualStudioVersion = 10.0.40219.1
Project("{FAE04EC0-301F-11D3-BF4B-00C04F79EFBC}") = "MailSender", "MailSender\MailSender.csproj", "{3B1E056A-45B0-4912-8CE1-84EFA074AAF9}"
EndProject
Global
	GlobalSection(SolutionConfigurationPlatforms) = preSolution
		Debug|Any CPU = Debug|Any CPU
		Release|Any CPU = Release|Any CPU
	EndGlobalSection
	GlobalSection(ProjectConfigurationPlatforms) = postSolution
		{3B1E056A-45B0-4912-8CE1-84EFA074AAF9}.Debug|Any CPU.ActiveCfg = Debug|Any CPU
		{3B1E056A-45B0-4912-8CE1-84EFA074AAF9}.Debug|Any CPU.Build.0 = Debug|Any CPU
		{3B1E056A-45B0-4912-8CE1-84EFA074AAF9}.Release|Any CPU.ActiveCfg = Release|Any CPU
		{3B1E056A-45B0-4912-8CE1-84EFA074AAF9}.Release|Any CPU.Build.0 = Release|Any CPU
	EndGlobalSection
	GlobalSection(SolutionProperties) = preSolution
		HideSolutionNode = FALSE
	EndGlobalSection
	GlobalSection(ExtensibilityGlobals) = postSolution
		SolutionGuid = {C67A629E-EF90-43D0-B22B-9776733CAA4A}
	EndGlobalSection
EndGlobal
